// !$*UTF8*$!
{
	archiveVersion = 1;
	classes = {
	};
	objectVersion = 46;
	objects = {

/* Begin PBXBuildFile section */
		0B6752E4137481C100C4BEC8 /* Foundation.framework in Frameworks */ = {isa = PBXBuildFile; fileRef = 0B6752E3137481C100C4BEC8 /* Foundation.framework */; };
		0B6752EF137481C100C4BEC8 /* UIKit.framework in Frameworks */ = {isa = PBXBuildFile; fileRef = 0B6752EE137481C100C4BEC8 /* UIKit.framework */; };
		0B6752F0137481C100C4BEC8 /* Foundation.framework in Frameworks */ = {isa = PBXBuildFile; fileRef = 0B6752E3137481C100C4BEC8 /* Foundation.framework */; };
		0B6752F2137481C100C4BEC8 /* CoreGraphics.framework in Frameworks */ = {isa = PBXBuildFile; fileRef = 0B6752F1137481C100C4BEC8 /* CoreGraphics.framework */; };
		0B6752F5137481C100C4BEC8 /* libOGraph.a in Frameworks */ = {isa = PBXBuildFile; fileRef = 0B6752E0137481C100C4BEC8 /* libOGraph.a */; };
		0B6752FB137481C100C4BEC8 /* InfoPlist.strings in Resources */ = {isa = PBXBuildFile; fileRef = 0B6752F9137481C100C4BEC8 /* InfoPlist.strings */; };
		0B6752FE137481C100C4BEC8 /* OGraphTests.h in Resources */ = {isa = PBXBuildFile; fileRef = 0B6752FD137481C100C4BEC8 /* OGraphTests.h */; };
		0B675300137481C100C4BEC8 /* OGraphTests.m in Sources */ = {isa = PBXBuildFile; fileRef = 0B6752FF137481C100C4BEC8 /* OGraphTests.m */; };
		0B6753201374826000C4BEC8 /* GraphConstants.h in Headers */ = {isa = PBXBuildFile; fileRef = 0B6753091374826000C4BEC8 /* GraphConstants.h */; };
		0B6753211374826000C4BEC8 /* GraphConstants.m in Sources */ = {isa = PBXBuildFile; fileRef = 0B67530A1374826000C4BEC8 /* GraphConstants.m */; };
		0B6753221374826000C4BEC8 /* GraphEdge.h in Headers */ = {isa = PBXBuildFile; fileRef = 0B67530B1374826000C4BEC8 /* GraphEdge.h */; };
		0B6753231374826000C4BEC8 /* GraphEdge.m in Sources */ = {isa = PBXBuildFile; fileRef = 0B67530C1374826000C4BEC8 /* GraphEdge.m */; };
		0B6753241374826000C4BEC8 /* GraphNode.h in Headers */ = {isa = PBXBuildFile; fileRef = 0B67530D1374826000C4BEC8 /* GraphNode.h */; };
		0B6753251374826000C4BEC8 /* GraphNode.m in Sources */ = {isa = PBXBuildFile; fileRef = 0B67530E1374826000C4BEC8 /* GraphNode.m */; };
		0B6753261374826000C4BEC8 /* GraphSearchAStar.h in Headers */ = {isa = PBXBuildFile; fileRef = 0B67530F1374826000C4BEC8 /* GraphSearchAStar.h */; };
		0B6753271374826000C4BEC8 /* GraphSearchAStar.m in Sources */ = {isa = PBXBuildFile; fileRef = 0B6753101374826000C4BEC8 /* GraphSearchAStar.m */; };
		0B6753281374826000C4BEC8 /* GraphSearchBFS.h in Headers */ = {isa = PBXBuildFile; fileRef = 0B6753111374826000C4BEC8 /* GraphSearchBFS.h */; };
		0B6753291374826000C4BEC8 /* GraphSearchBFS.m in Sources */ = {isa = PBXBuildFile; fileRef = 0B6753121374826000C4BEC8 /* GraphSearchBFS.m */; };
		0B67532A1374826000C4BEC8 /* GraphSearchDFS.h in Headers */ = {isa = PBXBuildFile; fileRef = 0B6753131374826000C4BEC8 /* GraphSearchDFS.h */; };
		0B67532B1374826000C4BEC8 /* GraphSearchDFS.m in Sources */ = {isa = PBXBuildFile; fileRef = 0B6753141374826000C4BEC8 /* GraphSearchDFS.m */; };
		0B67532C1374826000C4BEC8 /* GraphSearchDijkstra.h in Headers */ = {isa = PBXBuildFile; fileRef = 0B6753151374826000C4BEC8 /* GraphSearchDijkstra.h */; };
		0B67532D1374826000C4BEC8 /* GraphSearchDijkstra.m in Sources */ = {isa = PBXBuildFile; fileRef = 0B6753161374826000C4BEC8 /* GraphSearchDijkstra.m */; };
		0B67532E1374826000C4BEC8 /* Heuristic.h in Headers */ = {isa = PBXBuildFile; fileRef = 0B6753171374826000C4BEC8 /* Heuristic.h */; };
		0B67532F1374826000C4BEC8 /* HeuristicEuclid.h in Headers */ = {isa = PBXBuildFile; fileRef = 0B6753181374826000C4BEC8 /* HeuristicEuclid.h */; };
		0B6753301374826000C4BEC8 /* HeuristicEuclid.m in Sources */ = {isa = PBXBuildFile; fileRef = 0B6753191374826000C4BEC8 /* HeuristicEuclid.m */; };
		0B6753311374826000C4BEC8 /* IndexedPriorityQLow.h in Headers */ = {isa = PBXBuildFile; fileRef = 0B67531A1374826000C4BEC8 /* IndexedPriorityQLow.h */; };
		0B6753321374826000C4BEC8 /* IndexedPriorityQLow.m in Sources */ = {isa = PBXBuildFile; fileRef = 0B67531B1374826000C4BEC8 /* IndexedPriorityQLow.m */; };
		0B6753331374826000C4BEC8 /* NavGraphNode.h in Headers */ = {isa = PBXBuildFile; fileRef = 0B67531C1374826000C4BEC8 /* NavGraphNode.h */; };
		0B6753341374826000C4BEC8 /* NavGraphNode.m in Sources */ = {isa = PBXBuildFile; fileRef = 0B67531D1374826000C4BEC8 /* NavGraphNode.m */; };
		0B6753351374826000C4BEC8 /* SparseGraph.h in Headers */ = {isa = PBXBuildFile; fileRef = 0B67531E1374826000C4BEC8 /* SparseGraph.h */; };
		0B6753361374826000C4BEC8 /* SparseGraph.m in Sources */ = {isa = PBXBuildFile; fileRef = 0B67531F1374826000C4BEC8 /* SparseGraph.m */; };
/* End PBXBuildFile section */

/* Begin PBXContainerItemProxy section */
		0B6752F3137481C100C4BEC8 /* PBXContainerItemProxy */ = {
			isa = PBXContainerItemProxy;
			containerPortal = 0B6752D7137481C100C4BEC8 /* Project object */;
			proxyType = 1;
			remoteGlobalIDString = 0B6752DF137481C100C4BEC8;
			remoteInfo = OGraph;
		};
/* End PBXContainerItemProxy section */

/* Begin PBXFileReference section */
		0B6752E0137481C100C4BEC8 /* libOGraph.a */ = {isa = PBXFileReference; explicitFileType = archive.ar; includeInIndex = 0; path = libOGraph.a; sourceTree = BUILT_PRODUCTS_DIR; };
		0B6752E3137481C100C4BEC8 /* Foundation.framework */ = {isa = PBXFileReference; lastKnownFileType = wrapper.framework; name = Foundation.framework; path = System/Library/Frameworks/Foundation.framework; sourceTree = SDKROOT; };
		0B6752E7137481C100C4BEC8 /* OGraph-Prefix.pch */ = {isa = PBXFileReference; lastKnownFileType = sourcecode.c.h; path = "OGraph-Prefix.pch"; sourceTree = "<group>"; };
		0B6752ED137481C100C4BEC8 /* OGraphTests.octest */ = {isa = PBXFileReference; explicitFileType = wrapper.cfbundle; includeInIndex = 0; path = OGraphTests.octest; sourceTree = BUILT_PRODUCTS_DIR; };
		0B6752EE137481C100C4BEC8 /* UIKit.framework */ = {isa = PBXFileReference; lastKnownFileType = wrapper.framework; name = UIKit.framework; path = System/Library/Frameworks/UIKit.framework; sourceTree = SDKROOT; };
		0B6752F1137481C100C4BEC8 /* CoreGraphics.framework */ = {isa = PBXFileReference; lastKnownFileType = wrapper.framework; name = CoreGraphics.framework; path = System/Library/Frameworks/CoreGraphics.framework; sourceTree = SDKROOT; };
		0B6752F8137481C100C4BEC8 /* OGraphTests-Info.plist */ = {isa = PBXFileReference; lastKnownFileType = text.plist.xml; path = "OGraphTests-Info.plist"; sourceTree = "<group>"; };
		0B6752FA137481C100C4BEC8 /* en */ = {isa = PBXFileReference; lastKnownFileType = text.plist.strings; name = en; path = en.lproj/InfoPlist.strings; sourceTree = "<group>"; };
		0B6752FC137481C100C4BEC8 /* OGraphTests-Prefix.pch */ = {isa = PBXFileReference; lastKnownFileType = sourcecode.c.h; path = "OGraphTests-Prefix.pch"; sourceTree = "<group>"; };
		0B6752FD137481C100C4BEC8 /* OGraphTests.h */ = {isa = PBXFileReference; lastKnownFileType = sourcecode.c.h; path = OGraphTests.h; sourceTree = "<group>"; };
		0B6752FF137481C100C4BEC8 /* OGraphTests.m */ = {isa = PBXFileReference; lastKnownFileType = sourcecode.c.objc; path = OGraphTests.m; sourceTree = "<group>"; };
		0B6753091374826000C4BEC8 /* GraphConstants.h */ = {isa = PBXFileReference; fileEncoding = 4; lastKnownFileType = sourcecode.c.h; path = GraphConstants.h; sourceTree = "<group>"; };
		0B67530A1374826000C4BEC8 /* GraphConstants.m */ = {isa = PBXFileReference; fileEncoding = 4; lastKnownFileType = sourcecode.c.objc; path = GraphConstants.m; sourceTree = "<group>"; };
		0B67530B1374826000C4BEC8 /* GraphEdge.h */ = {isa = PBXFileReference; fileEncoding = 4; lastKnownFileType = sourcecode.c.h; path = GraphEdge.h; sourceTree = "<group>"; };
		0B67530C1374826000C4BEC8 /* GraphEdge.m */ = {isa = PBXFileReference; fileEncoding = 4; lastKnownFileType = sourcecode.c.objc; path = GraphEdge.m; sourceTree = "<group>"; };
		0B67530D1374826000C4BEC8 /* GraphNode.h */ = {isa = PBXFileReference; fileEncoding = 4; lastKnownFileType = sourcecode.c.h; path = GraphNode.h; sourceTree = "<group>"; };
		0B67530E1374826000C4BEC8 /* GraphNode.m */ = {isa = PBXFileReference; fileEncoding = 4; lastKnownFileType = sourcecode.c.objc; path = GraphNode.m; sourceTree = "<group>"; };
		0B67530F1374826000C4BEC8 /* GraphSearchAStar.h */ = {isa = PBXFileReference; fileEncoding = 4; lastKnownFileType = sourcecode.c.h; path = GraphSearchAStar.h; sourceTree = "<group>"; };
		0B6753101374826000C4BEC8 /* GraphSearchAStar.m */ = {isa = PBXFileReference; fileEncoding = 4; lastKnownFileType = sourcecode.c.objc; path = GraphSearchAStar.m; sourceTree = "<group>"; };
		0B6753111374826000C4BEC8 /* GraphSearchBFS.h */ = {isa = PBXFileReference; fileEncoding = 4; lastKnownFileType = sourcecode.c.h; path = GraphSearchBFS.h; sourceTree = "<group>"; };
		0B6753121374826000C4BEC8 /* GraphSearchBFS.m */ = {isa = PBXFileReference; fileEncoding = 4; lastKnownFileType = sourcecode.c.objc; path = GraphSearchBFS.m; sourceTree = "<group>"; };
		0B6753131374826000C4BEC8 /* GraphSearchDFS.h */ = {isa = PBXFileReference; fileEncoding = 4; lastKnownFileType = sourcecode.c.h; path = GraphSearchDFS.h; sourceTree = "<group>"; };
		0B6753141374826000C4BEC8 /* GraphSearchDFS.m */ = {isa = PBXFileReference; fileEncoding = 4; lastKnownFileType = sourcecode.c.objc; path = GraphSearchDFS.m; sourceTree = "<group>"; };
		0B6753151374826000C4BEC8 /* GraphSearchDijkstra.h */ = {isa = PBXFileReference; fileEncoding = 4; lastKnownFileType = sourcecode.c.h; path = GraphSearchDijkstra.h; sourceTree = "<group>"; };
		0B6753161374826000C4BEC8 /* GraphSearchDijkstra.m */ = {isa = PBXFileReference; fileEncoding = 4; lastKnownFileType = sourcecode.c.objc; path = GraphSearchDijkstra.m; sourceTree = "<group>"; };
		0B6753171374826000C4BEC8 /* Heuristic.h */ = {isa = PBXFileReference; fileEncoding = 4; lastKnownFileType = sourcecode.c.h; path = Heuristic.h; sourceTree = "<group>"; };
		0B6753181374826000C4BEC8 /* HeuristicEuclid.h */ = {isa = PBXFileReference; fileEncoding = 4; lastKnownFileType = sourcecode.c.h; path = HeuristicEuclid.h; sourceTree = "<group>"; };
		0B6753191374826000C4BEC8 /* HeuristicEuclid.m */ = {isa = PBXFileReference; fileEncoding = 4; lastKnownFileType = sourcecode.c.objc; path = HeuristicEuclid.m; sourceTree = "<group>"; };
		0B67531A1374826000C4BEC8 /* IndexedPriorityQLow.h */ = {isa = PBXFileReference; fileEncoding = 4; lastKnownFileType = sourcecode.c.h; path = IndexedPriorityQLow.h; sourceTree = "<group>"; };
		0B67531B1374826000C4BEC8 /* IndexedPriorityQLow.m */ = {isa = PBXFileReference; fileEncoding = 4; lastKnownFileType = sourcecode.c.objc; path = IndexedPriorityQLow.m; sourceTree = "<group>"; };
		0B67531C1374826000C4BEC8 /* NavGraphNode.h */ = {isa = PBXFileReference; fileEncoding = 4; lastKnownFileType = sourcecode.c.h; path = NavGraphNode.h; sourceTree = "<group>"; };
		0B67531D1374826000C4BEC8 /* NavGraphNode.m */ = {isa = PBXFileReference; fileEncoding = 4; lastKnownFileType = sourcecode.c.objc; path = NavGraphNode.m; sourceTree = "<group>"; };
		0B67531E1374826000C4BEC8 /* SparseGraph.h */ = {isa = PBXFileReference; fileEncoding = 4; lastKnownFileType = sourcecode.c.h; path = SparseGraph.h; sourceTree = "<group>"; };
		0B67531F1374826000C4BEC8 /* SparseGraph.m */ = {isa = PBXFileReference; fileEncoding = 4; lastKnownFileType = sourcecode.c.objc; path = SparseGraph.m; sourceTree = "<group>"; };
/* End PBXFileReference section */

/* Begin PBXFrameworksBuildPhase section */
		0B6752DD137481C100C4BEC8 /* Frameworks */ = {
			isa = PBXFrameworksBuildPhase;
			buildActionMask = 2147483647;
			files = (
				0B6752E4137481C100C4BEC8 /* Foundation.framework in Frameworks */,
			);
			runOnlyForDeploymentPostprocessing = 0;
		};
		0B6752E9137481C100C4BEC8 /* Frameworks */ = {
			isa = PBXFrameworksBuildPhase;
			buildActionMask = 2147483647;
			files = (
				0B6752EF137481C100C4BEC8 /* UIKit.framework in Frameworks */,
				0B6752F0137481C100C4BEC8 /* Foundation.framework in Frameworks */,
				0B6752F2137481C100C4BEC8 /* CoreGraphics.framework in Frameworks */,
				0B6752F5137481C100C4BEC8 /* libOGraph.a in Frameworks */,
			);
			runOnlyForDeploymentPostprocessing = 0;
		};
/* End PBXFrameworksBuildPhase section */

/* Begin PBXGroup section */
		0B6752D5137481C100C4BEC8 = {
			isa = PBXGroup;
			children = (
				0B6752E5137481C100C4BEC8 /* OGraph */,
				0B6752F6137481C100C4BEC8 /* OGraphTests */,
				0B6752E2137481C100C4BEC8 /* Frameworks */,
				0B6752E1137481C100C4BEC8 /* Products */,
			);
			sourceTree = "<group>";
		};
		0B6752E1137481C100C4BEC8 /* Products */ = {
			isa = PBXGroup;
			children = (
				0B6752E0137481C100C4BEC8 /* libOGraph.a */,
				0B6752ED137481C100C4BEC8 /* OGraphTests.octest */,
			);
			name = Products;
			sourceTree = "<group>";
		};
		0B6752E2137481C100C4BEC8 /* Frameworks */ = {
			isa = PBXGroup;
			children = (
				0B6752E3137481C100C4BEC8 /* Foundation.framework */,
				0B6752EE137481C100C4BEC8 /* UIKit.framework */,
				0B6752F1137481C100C4BEC8 /* CoreGraphics.framework */,
			);
			name = Frameworks;
			sourceTree = "<group>";
		};
		0B6752E5137481C100C4BEC8 /* OGraph */ = {
			isa = PBXGroup;
			children = (
				0B6753091374826000C4BEC8 /* GraphConstants.h */,
				0B67530A1374826000C4BEC8 /* GraphConstants.m */,
				0B67530B1374826000C4BEC8 /* GraphEdge.h */,
				0B67530C1374826000C4BEC8 /* GraphEdge.m */,
				0B67530D1374826000C4BEC8 /* GraphNode.h */,
				0B67530E1374826000C4BEC8 /* GraphNode.m */,
				0B67530F1374826000C4BEC8 /* GraphSearchAStar.h */,
				0B6753101374826000C4BEC8 /* GraphSearchAStar.m */,
				0B6753111374826000C4BEC8 /* GraphSearchBFS.h */,
				0B6753121374826000C4BEC8 /* GraphSearchBFS.m */,
				0B6753131374826000C4BEC8 /* GraphSearchDFS.h */,
				0B6753141374826000C4BEC8 /* GraphSearchDFS.m */,
				0B6753151374826000C4BEC8 /* GraphSearchDijkstra.h */,
				0B6753161374826000C4BEC8 /* GraphSearchDijkstra.m */,
				0B6753171374826000C4BEC8 /* Heuristic.h */,
				0B6753181374826000C4BEC8 /* HeuristicEuclid.h */,
				0B6753191374826000C4BEC8 /* HeuristicEuclid.m */,
				0B67531A1374826000C4BEC8 /* IndexedPriorityQLow.h */,
				0B67531B1374826000C4BEC8 /* IndexedPriorityQLow.m */,
				0B67531C1374826000C4BEC8 /* NavGraphNode.h */,
				0B67531D1374826000C4BEC8 /* NavGraphNode.m */,
				0B67531E1374826000C4BEC8 /* SparseGraph.h */,
				0B67531F1374826000C4BEC8 /* SparseGraph.m */,
				0B6752E6137481C100C4BEC8 /* Supporting Files */,
			);
			path = OGraph;
			sourceTree = "<group>";
		};
		0B6752E6137481C100C4BEC8 /* Supporting Files */ = {
			isa = PBXGroup;
			children = (
				0B6752E7137481C100C4BEC8 /* OGraph-Prefix.pch */,
			);
			name = "Supporting Files";
			sourceTree = "<group>";
		};
		0B6752F6137481C100C4BEC8 /* OGraphTests */ = {
			isa = PBXGroup;
			children = (
				0B6752FD137481C100C4BEC8 /* OGraphTests.h */,
				0B6752FF137481C100C4BEC8 /* OGraphTests.m */,
				0B6752F7137481C100C4BEC8 /* Supporting Files */,
			);
			path = OGraphTests;
			sourceTree = "<group>";
		};
		0B6752F7137481C100C4BEC8 /* Supporting Files */ = {
			isa = PBXGroup;
			children = (
				0B6752F8137481C100C4BEC8 /* OGraphTests-Info.plist */,
				0B6752F9137481C100C4BEC8 /* InfoPlist.strings */,
				0B6752FC137481C100C4BEC8 /* OGraphTests-Prefix.pch */,
			);
			name = "Supporting Files";
			sourceTree = "<group>";
		};
/* End PBXGroup section */

/* Begin PBXHeadersBuildPhase section */
		0B6752DE137481C100C4BEC8 /* Headers */ = {
			isa = PBXHeadersBuildPhase;
			buildActionMask = 2147483647;
			files = (
				0B6753201374826000C4BEC8 /* GraphConstants.h in Headers */,
				0B6753221374826000C4BEC8 /* GraphEdge.h in Headers */,
				0B6753241374826000C4BEC8 /* GraphNode.h in Headers */,
				0B6753261374826000C4BEC8 /* GraphSearchAStar.h in Headers */,
				0B6753281374826000C4BEC8 /* GraphSearchBFS.h in Headers */,
				0B67532A1374826000C4BEC8 /* GraphSearchDFS.h in Headers */,
				0B67532C1374826000C4BEC8 /* GraphSearchDijkstra.h in Headers */,
				0B67532E1374826000C4BEC8 /* Heuristic.h in Headers */,
				0B67532F1374826000C4BEC8 /* HeuristicEuclid.h in Headers */,
				0B6753311374826000C4BEC8 /* IndexedPriorityQLow.h in Headers */,
				0B6753331374826000C4BEC8 /* NavGraphNode.h in Headers */,
				0B6753351374826000C4BEC8 /* SparseGraph.h in Headers */,
			);
			runOnlyForDeploymentPostprocessing = 0;
		};
/* End PBXHeadersBuildPhase section */

/* Begin PBXNativeTarget section */
		0B6752DF137481C100C4BEC8 /* OGraph */ = {
			isa = PBXNativeTarget;
			buildConfigurationList = 0B675303137481C100C4BEC8 /* Build configuration list for PBXNativeTarget "OGraph" */;
			buildPhases = (
				0B6752DC137481C100C4BEC8 /* Sources */,
				0B6752DD137481C100C4BEC8 /* Frameworks */,
				0B6752DE137481C100C4BEC8 /* Headers */,
			);
			buildRules = (
			);
			dependencies = (
			);
			name = OGraph;
			productName = OGraph;
			productReference = 0B6752E0137481C100C4BEC8 /* libOGraph.a */;
			productType = "com.apple.product-type.library.static";
		};
		0B6752EC137481C100C4BEC8 /* OGraphTests */ = {
			isa = PBXNativeTarget;
			buildConfigurationList = 0B675306137481C100C4BEC8 /* Build configuration list for PBXNativeTarget "OGraphTests" */;
			buildPhases = (
				0B6752E8137481C100C4BEC8 /* Sources */,
				0B6752E9137481C100C4BEC8 /* Frameworks */,
				0B6752EA137481C100C4BEC8 /* Resources */,
				0B6752EB137481C100C4BEC8 /* ShellScript */,
			);
			buildRules = (
			);
			dependencies = (
				0B6752F4137481C100C4BEC8 /* PBXTargetDependency */,
			);
			name = OGraphTests;
			productName = OGraphTests;
			productReference = 0B6752ED137481C100C4BEC8 /* OGraphTests.octest */;
			productType = "com.apple.product-type.bundle";
		};
/* End PBXNativeTarget section */

/* Begin PBXProject section */
		0B6752D7137481C100C4BEC8 /* Project object */ = {
			isa = PBXProject;
			attributes = {
				ORGANIZATIONNAME = n/a;
			};
			buildConfigurationList = 0B6752DA137481C100C4BEC8 /* Build configuration list for PBXProject "OGraph" */;
			compatibilityVersion = "Xcode 3.2";
			developmentRegion = English;
			hasScannedForEncodings = 0;
			knownRegions = (
				en,
			);
			mainGroup = 0B6752D5137481C100C4BEC8;
			productRefGroup = 0B6752E1137481C100C4BEC8 /* Products */;
			projectDirPath = "";
			projectRoot = "";
			targets = (
				0B6752DF137481C100C4BEC8 /* OGraph */,
				0B6752EC137481C100C4BEC8 /* OGraphTests */,
			);
		};
/* End PBXProject section */

/* Begin PBXResourcesBuildPhase section */
		0B6752EA137481C100C4BEC8 /* Resources */ = {
			isa = PBXResourcesBuildPhase;
			buildActionMask = 2147483647;
			files = (
				0B6752FB137481C100C4BEC8 /* InfoPlist.strings in Resources */,
				0B6752FE137481C100C4BEC8 /* OGraphTests.h in Resources */,
			);
			runOnlyForDeploymentPostprocessing = 0;
		};
/* End PBXResourcesBuildPhase section */

/* Begin PBXShellScriptBuildPhase section */
		0B6752EB137481C100C4BEC8 /* ShellScript */ = {
			isa = PBXShellScriptBuildPhase;
			buildActionMask = 2147483647;
			files = (
			);
			inputPaths = (
			);
			outputPaths = (
			);
			runOnlyForDeploymentPostprocessing = 0;
			shellPath = /bin/sh;
			shellScript = "# Run the unit tests in this test bundle.\n\"${SYSTEM_DEVELOPER_DIR}/Tools/RunUnitTests\"\n";
		};
/* End PBXShellScriptBuildPhase section */

/* Begin PBXSourcesBuildPhase section */
		0B6752DC137481C100C4BEC8 /* Sources */ = {
			isa = PBXSourcesBuildPhase;
			buildActionMask = 2147483647;
			files = (
				0B6753211374826000C4BEC8 /* GraphConstants.m in Sources */,
				0B6753231374826000C4BEC8 /* GraphEdge.m in Sources */,
				0B6753251374826000C4BEC8 /* GraphNode.m in Sources */,
				0B6753271374826000C4BEC8 /* GraphSearchAStar.m in Sources */,
				0B6753291374826000C4BEC8 /* GraphSearchBFS.m in Sources */,
				0B67532B1374826000C4BEC8 /* GraphSearchDFS.m in Sources */,
				0B67532D1374826000C4BEC8 /* GraphSearchDijkstra.m in Sources */,
				0B6753301374826000C4BEC8 /* HeuristicEuclid.m in Sources */,
				0B6753321374826000C4BEC8 /* IndexedPriorityQLow.m in Sources */,
				0B6753341374826000C4BEC8 /* NavGraphNode.m in Sources */,
				0B6753361374826000C4BEC8 /* SparseGraph.m in Sources */,
			);
			runOnlyForDeploymentPostprocessing = 0;
		};
		0B6752E8137481C100C4BEC8 /* Sources */ = {
			isa = PBXSourcesBuildPhase;
			buildActionMask = 2147483647;
			files = (
				0B675300137481C100C4BEC8 /* OGraphTests.m in Sources */,
			);
			runOnlyForDeploymentPostprocessing = 0;
		};
/* End PBXSourcesBuildPhase section */

/* Begin PBXTargetDependency section */
		0B6752F4137481C100C4BEC8 /* PBXTargetDependency */ = {
			isa = PBXTargetDependency;
			target = 0B6752DF137481C100C4BEC8 /* OGraph */;
			targetProxy = 0B6752F3137481C100C4BEC8 /* PBXContainerItemProxy */;
		};
/* End PBXTargetDependency section */

/* Begin PBXVariantGroup section */
		0B6752F9137481C100C4BEC8 /* InfoPlist.strings */ = {
			isa = PBXVariantGroup;
			children = (
				0B6752FA137481C100C4BEC8 /* en */,
			);
			name = InfoPlist.strings;
			sourceTree = "<group>";
		};
/* End PBXVariantGroup section */

/* Begin XCBuildConfiguration section */
		0B675301137481C100C4BEC8 /* Debug */ = {
			isa = XCBuildConfiguration;
			buildSettings = {
				ARCHS = "$(ARCHS_STANDARD_32_BIT)";
				GCC_C_LANGUAGE_STANDARD = gnu99;
				GCC_OPTIMIZATION_LEVEL = 0;
				GCC_PREPROCESSOR_DEFINITIONS = DEBUG;
				GCC_SYMBOLS_PRIVATE_EXTERN = NO;
				GCC_VERSION = com.apple.compilers.llvmgcc42;
				GCC_WARN_ABOUT_RETURN_TYPE = YES;
				GCC_WARN_UNUSED_VARIABLE = YES;
				IPHONEOS_DEPLOYMENT_TARGET = 4.3;
				SDKROOT = iphoneos;
			};
			name = Debug;
		};
		0B675302137481C100C4BEC8 /* Release */ = {
			isa = XCBuildConfiguration;
			buildSettings = {
				ARCHS = "$(ARCHS_STANDARD_32_BIT)";
				GCC_C_LANGUAGE_STANDARD = gnu99;
				GCC_VERSION = com.apple.compilers.llvmgcc42;
				GCC_WARN_ABOUT_RETURN_TYPE = YES;
				GCC_WARN_UNUSED_VARIABLE = YES;
				IPHONEOS_DEPLOYMENT_TARGET = 4.3;
				SDKROOT = iphoneos;
			};
			name = Release;
		};
		0B675304137481C100C4BEC8 /* Debug */ = {
			isa = XCBuildConfiguration;
			buildSettings = {
				ALWAYS_SEARCH_USER_PATHS = NO;
				DSTROOT = /tmp/OGraph.dst;
				GCC_PRECOMPILE_PREFIX_HEADER = YES;
				GCC_PREFIX_HEADER = "OGraph/OGraph-Prefix.pch";
				OTHER_LDFLAGS = "-ObjC";
				PRODUCT_NAME = "$(TARGET_NAME)";
			};
			name = Debug;
		};
		0B675305137481C100C4BEC8 /* Release */ = {
			isa = XCBuildConfiguration;
			buildSettings = {
				ALWAYS_SEARCH_USER_PATHS = NO;
				DSTROOT = /tmp/OGraph.dst;
				GCC_PRECOMPILE_PREFIX_HEADER = YES;
				GCC_PREFIX_HEADER = "OGraph/OGraph-Prefix.pch";
				OTHER_LDFLAGS = "-ObjC";
				PRODUCT_NAME = "$(TARGET_NAME)";
			};
			name = Release;
		};
		0B675307137481C100C4BEC8 /* Debug */ = {
			isa = XCBuildConfiguration;
			buildSettings = {
				ALWAYS_SEARCH_USER_PATHS = NO;
				FRAMEWORK_SEARCH_PATHS = (
					"$(SDKROOT)/Developer/Library/Frameworks",
					"$(DEVELOPER_LIBRARY_DIR)/Frameworks",
				);
				GCC_PRECOMPILE_PREFIX_HEADER = YES;
				GCC_PREFIX_HEADER = "OGraphTests/OGraphTests-Prefix.pch";
				INFOPLIST_FILE = "OGraphTests/OGraphTests-Info.plist";
				OTHER_LDFLAGS = (
					"-framework",
					SenTestingKit,
				);
				PRODUCT_NAME = "$(TARGET_NAME)";
				WRAPPER_EXTENSION = octest;
			};
			name = Debug;
		};
		0B675308137481C100C4BEC8 /* Release */ = {
			isa = XCBuildConfiguration;
			buildSettings = {
				ALWAYS_SEARCH_USER_PATHS = NO;
				FRAMEWORK_SEARCH_PATHS = (
					"$(SDKROOT)/Developer/Library/Frameworks",
					"$(DEVELOPER_LIBRARY_DIR)/Frameworks",
				);
				GCC_PRECOMPILE_PREFIX_HEADER = YES;
				GCC_PREFIX_HEADER = "OGraphTests/OGraphTests-Prefix.pch";
				INFOPLIST_FILE = "OGraphTests/OGraphTests-Info.plist";
				OTHER_LDFLAGS = (
					"-framework",
					SenTestingKit,
				);
				PRODUCT_NAME = "$(TARGET_NAME)";
				WRAPPER_EXTENSION = octest;
			};
			name = Release;
		};
/* End XCBuildConfiguration section */

/* Begin XCConfigurationList section */
		0B6752DA137481C100C4BEC8 /* Build configuration list for PBXProject "OGraph" */ = {
			isa = XCConfigurationList;
			buildConfigurations = (
				0B675301137481C100C4BEC8 /* Debug */,
				0B675302137481C100C4BEC8 /* Release */,
			);
			defaultConfigurationIsVisible = 0;
			defaultConfigurationName = Release;
		};
		0B675303137481C100C4BEC8 /* Build configuration list for PBXNativeTarget "OGraph" */ = {
			isa = XCConfigurationList;
			buildConfigurations = (
				0B675304137481C100C4BEC8 /* Debug */,
				0B675305137481C100C4BEC8 /* Release */,
			);
			defaultConfigurationIsVisible = 0;
		};
		0B675306137481C100C4BEC8 /* Build configuration list for PBXNativeTarget "OGraphTests" */ = {
			isa = XCConfigurationList;
			buildConfigurations = (
				0B675307137481C100C4BEC8 /* Debug */,
				0B675308137481C100C4BEC8 /* Release */,
			);
			defaultConfigurationIsVisible = 0;
		};
/* End XCConfigurationList section */
	};
	rootObject = 0B6752D7137481C100C4BEC8 /* Project object */;
}
